// !$*UTF8*$!
{
	archiveVersion = 1;
	classes = {
	};
	objectVersion = 56;
	objects = {

/* Begin PBXBuildFile section */
		278AED6C2A06516B00691A98 /* UserAPI.swift in Sources */ = {isa = PBXBuildFile; fileRef = 278AED6B2A06516B00691A98 /* UserAPI.swift */; };
		278AED6E2A06517500691A98 /* NetworkManager.swift in Sources */ = {isa = PBXBuildFile; fileRef = 278AED6D2A06517500691A98 /* NetworkManager.swift */; };
		278AED702A06521B00691A98 /* Constants.swift in Sources */ = {isa = PBXBuildFile; fileRef = 278AED6F2A06521B00691A98 /* Constants.swift */; };
		278AED722A0653EE00691A98 /* UsersResultsDetails.swift in Sources */ = {isa = PBXBuildFile; fileRef = 278AED712A0653EE00691A98 /* UsersResultsDetails.swift */; };
		278AED742A065AD700691A98 /* FriendsListViewViewModel.swift in Sources */ = {isa = PBXBuildFile; fileRef = 278AED732A065AD700691A98 /* FriendsListViewViewModel.swift */; };
		278AED762A06685000691A98 /* Users.swift in Sources */ = {isa = PBXBuildFile; fileRef = 278AED752A06685000691A98 /* Users.swift */; };
		278AED782A06689800691A98 /* UsersResults.swift in Sources */ = {isa = PBXBuildFile; fileRef = 278AED772A06689800691A98 /* UsersResults.swift */; };
		2791AA4A2A066B4C00719D5A /* FriendsListCollectionViewCell.swift in Sources */ = {isa = PBXBuildFile; fileRef = 2791AA492A066B4C00719D5A /* FriendsListCollectionViewCell.swift */; };
		2791AA4C2A066C0200719D5A /* FriendsListCollectionViewCellViewModel.swift in Sources */ = {isa = PBXBuildFile; fileRef = 2791AA4B2A066C0200719D5A /* FriendsListCollectionViewCellViewModel.swift */; };
		2791AA4E2A066CAC00719D5A /* FriendsListView.swift in Sources */ = {isa = PBXBuildFile; fileRef = 2791AA4D2A066CAC00719D5A /* FriendsListView.swift */; };
		2791AA502A06962E00719D5A /* FriendsDetailViewController.swift in Sources */ = {isa = PBXBuildFile; fileRef = 2791AA4F2A06962E00719D5A /* FriendsDetailViewController.swift */; };
		2791AA522A06970400719D5A /* FriendsDetailViewViewModel.swift in Sources */ = {isa = PBXBuildFile; fileRef = 2791AA512A06970400719D5A /* FriendsDetailViewViewModel.swift */; };
		2791AA542A069C7500719D5A /* FriendsDetailView.swift in Sources */ = {isa = PBXBuildFile; fileRef = 2791AA532A069C7500719D5A /* FriendsDetailView.swift */; };
		27DAD0B42A07E1B2009AB100 /* SavedUsers.swift in Sources */ = {isa = PBXBuildFile; fileRef = 27DAD0B32A07E1B2009AB100 /* SavedUsers.swift */; };
		27EB85DF2A057BE10027E339 /* LoginScreenViewViewModel.swift in Sources */ = {isa = PBXBuildFile; fileRef = 27EB85DE2A057BE10027E339 /* LoginScreenViewViewModel.swift */; };
		27F7A56C2A0537B700FB8D3A /* AppDelegate.swift in Sources */ = {isa = PBXBuildFile; fileRef = 27F7A56B2A0537B700FB8D3A /* AppDelegate.swift */; };
		27F7A56E2A0537B700FB8D3A /* SceneDelegate.swift in Sources */ = {isa = PBXBuildFile; fileRef = 27F7A56D2A0537B700FB8D3A /* SceneDelegate.swift */; };
		27F7A5702A0537B700FB8D3A /* LoginScreenViewController.swift in Sources */ = {isa = PBXBuildFile; fileRef = 27F7A56F2A0537B700FB8D3A /* LoginScreenViewController.swift */; };
		27F7A5752A0537B800FB8D3A /* Assets.xcassets in Resources */ = {isa = PBXBuildFile; fileRef = 27F7A5742A0537B800FB8D3A /* Assets.xcassets */; };
		27F7A5782A0537B800FB8D3A /* LaunchScreen.storyboard in Resources */ = {isa = PBXBuildFile; fileRef = 27F7A5762A0537B800FB8D3A /* LaunchScreen.storyboard */; };
		27F7A5802A0541C000FB8D3A /* LoginScreenView.swift in Sources */ = {isa = PBXBuildFile; fileRef = 27F7A57F2A0541C000FB8D3A /* LoginScreenView.swift */; };
		27F7A5822A05422000FB8D3A /* UIView+Ext.swift in Sources */ = {isa = PBXBuildFile; fileRef = 27F7A5812A05422000FB8D3A /* UIView+Ext.swift */; };
		27F7A5842A05569D00FB8D3A /* FriendsListViewController.swift in Sources */ = {isa = PBXBuildFile; fileRef = 27F7A5832A05569D00FB8D3A /* FriendsListViewController.swift */; };
		27F7A5862A05585400FB8D3A /* RootNavigationController.swift in Sources */ = {isa = PBXBuildFile; fileRef = 27F7A5852A05585400FB8D3A /* RootNavigationController.swift */; };
		F9A9F6F716A9E8C6907825DE /* Pods_FacebookFriends.framework in Frameworks */ = {isa = PBXBuildFile; fileRef = 20B03289E736E14B5EE11ACC /* Pods_FacebookFriends.framework */; };
/* End PBXBuildFile section */

/* Begin PBXFileReference section */
		004EE40847A12CC0B57C8CED /* Pods-FacebookFriends.debug.xcconfig */ = {isa = PBXFileReference; includeInIndex = 1; lastKnownFileType = text.xcconfig; name = "Pods-FacebookFriends.debug.xcconfig"; path = "Target Support Files/Pods-FacebookFriends/Pods-FacebookFriends.debug.xcconfig"; sourceTree = "<group>"; };
		20B03289E736E14B5EE11ACC /* Pods_FacebookFriends.framework */ = {isa = PBXFileReference; explicitFileType = wrapper.framework; includeInIndex = 0; path = Pods_FacebookFriends.framework; sourceTree = BUILT_PRODUCTS_DIR; };
		278AED6B2A06516B00691A98 /* UserAPI.swift */ = {isa = PBXFileReference; lastKnownFileType = sourcecode.swift; path = UserAPI.swift; sourceTree = "<group>"; };
		278AED6D2A06517500691A98 /* NetworkManager.swift */ = {isa = PBXFileReference; lastKnownFileType = sourcecode.swift; path = NetworkManager.swift; sourceTree = "<group>"; };
		278AED6F2A06521B00691A98 /* Constants.swift */ = {isa = PBXFileReference; lastKnownFileType = sourcecode.swift; path = Constants.swift; sourceTree = "<group>"; };
		278AED712A0653EE00691A98 /* UsersResultsDetails.swift */ = {isa = PBXFileReference; lastKnownFileType = sourcecode.swift; path = UsersResultsDetails.swift; sourceTree = "<group>"; };
		278AED732A065AD700691A98 /* FriendsListViewViewModel.swift */ = {isa = PBXFileReference; lastKnownFileType = sourcecode.swift; path = FriendsListViewViewModel.swift; sourceTree = "<group>"; };
		278AED752A06685000691A98 /* Users.swift */ = {isa = PBXFileReference; lastKnownFileType = sourcecode.swift; path = Users.swift; sourceTree = "<group>"; };
		278AED772A06689800691A98 /* UsersResults.swift */ = {isa = PBXFileReference; lastKnownFileType = sourcecode.swift; path = UsersResults.swift; sourceTree = "<group>"; };
		2791AA492A066B4C00719D5A /* FriendsListCollectionViewCell.swift */ = {isa = PBXFileReference; lastKnownFileType = sourcecode.swift; path = FriendsListCollectionViewCell.swift; sourceTree = "<group>"; };
		2791AA4B2A066C0200719D5A /* FriendsListCollectionViewCellViewModel.swift */ = {isa = PBXFileReference; lastKnownFileType = sourcecode.swift; path = FriendsListCollectionViewCellViewModel.swift; sourceTree = "<group>"; };
		2791AA4D2A066CAC00719D5A /* FriendsListView.swift */ = {isa = PBXFileReference; lastKnownFileType = sourcecode.swift; path = FriendsListView.swift; sourceTree = "<group>"; };
		2791AA4F2A06962E00719D5A /* FriendsDetailViewController.swift */ = {isa = PBXFileReference; lastKnownFileType = sourcecode.swift; path = FriendsDetailViewController.swift; sourceTree = "<group>"; };
		2791AA512A06970400719D5A /* FriendsDetailViewViewModel.swift */ = {isa = PBXFileReference; lastKnownFileType = sourcecode.swift; path = FriendsDetailViewViewModel.swift; sourceTree = "<group>"; };
		2791AA532A069C7500719D5A /* FriendsDetailView.swift */ = {isa = PBXFileReference; lastKnownFileType = sourcecode.swift; path = FriendsDetailView.swift; sourceTree = "<group>"; };
		27DAD0B32A07E1B2009AB100 /* SavedUsers.swift */ = {isa = PBXFileReference; lastKnownFileType = sourcecode.swift; path = SavedUsers.swift; sourceTree = "<group>"; };
		27EB85DE2A057BE10027E339 /* LoginScreenViewViewModel.swift */ = {isa = PBXFileReference; lastKnownFileType = sourcecode.swift; path = LoginScreenViewViewModel.swift; sourceTree = "<group>"; };
		27F7A5682A0537B700FB8D3A /* FacebookFriends.app */ = {isa = PBXFileReference; explicitFileType = wrapper.application; includeInIndex = 0; path = FacebookFriends.app; sourceTree = BUILT_PRODUCTS_DIR; };
		27F7A56B2A0537B700FB8D3A /* AppDelegate.swift */ = {isa = PBXFileReference; lastKnownFileType = sourcecode.swift; path = AppDelegate.swift; sourceTree = "<group>"; };
		27F7A56D2A0537B700FB8D3A /* SceneDelegate.swift */ = {isa = PBXFileReference; lastKnownFileType = sourcecode.swift; path = SceneDelegate.swift; sourceTree = "<group>"; };
		27F7A56F2A0537B700FB8D3A /* LoginScreenViewController.swift */ = {isa = PBXFileReference; lastKnownFileType = sourcecode.swift; path = LoginScreenViewController.swift; sourceTree = "<group>"; };
		27F7A5742A0537B800FB8D3A /* Assets.xcassets */ = {isa = PBXFileReference; lastKnownFileType = folder.assetcatalog; path = Assets.xcassets; sourceTree = "<group>"; };
		27F7A5772A0537B800FB8D3A /* Base */ = {isa = PBXFileReference; lastKnownFileType = file.storyboard; name = Base; path = Base.lproj/LaunchScreen.storyboard; sourceTree = "<group>"; };
		27F7A5792A0537B800FB8D3A /* Info.plist */ = {isa = PBXFileReference; lastKnownFileType = text.plist.xml; path = Info.plist; sourceTree = "<group>"; };
		27F7A57F2A0541C000FB8D3A /* LoginScreenView.swift */ = {isa = PBXFileReference; lastKnownFileType = sourcecode.swift; path = LoginScreenView.swift; sourceTree = "<group>"; };
		27F7A5812A05422000FB8D3A /* UIView+Ext.swift */ = {isa = PBXFileReference; lastKnownFileType = sourcecode.swift; path = "UIView+Ext.swift"; sourceTree = "<group>"; };
		27F7A5832A05569D00FB8D3A /* FriendsListViewController.swift */ = {isa = PBXFileReference; lastKnownFileType = sourcecode.swift; path = FriendsListViewController.swift; sourceTree = "<group>"; };
		27F7A5852A05585400FB8D3A /* RootNavigationController.swift */ = {isa = PBXFileReference; lastKnownFileType = sourcecode.swift; path = RootNavigationController.swift; sourceTree = "<group>"; };
		959D0F5FDBF0539FCD93E33E /* Pods-FacebookFriends.release.xcconfig */ = {isa = PBXFileReference; includeInIndex = 1; lastKnownFileType = text.xcconfig; name = "Pods-FacebookFriends.release.xcconfig"; path = "Target Support Files/Pods-FacebookFriends/Pods-FacebookFriends.release.xcconfig"; sourceTree = "<group>"; };
/* End PBXFileReference section */

/* Begin PBXFrameworksBuildPhase section */
		27F7A5652A0537B700FB8D3A /* Frameworks */ = {
			isa = PBXFrameworksBuildPhase;
			buildActionMask = 2147483647;
			files = (
				F9A9F6F716A9E8C6907825DE /* Pods_FacebookFriends.framework in Frameworks */,
			);
			runOnlyForDeploymentPostprocessing = 0;
		};
/* End PBXFrameworksBuildPhase section */

/* Begin PBXGroup section */
		278AED662A0650AD00691A98 /* Model */ = {
			isa = PBXGroup;
			children = (
				278AED752A06685000691A98 /* Users.swift */,
				278AED772A06689800691A98 /* UsersResults.swift */,
				278AED712A0653EE00691A98 /* UsersResultsDetails.swift */,
			);
			path = Model;
			sourceTree = "<group>";
		};
		278AED672A0650B500691A98 /* Views */ = {
			isa = PBXGroup;
			children = (
				2791AA532A069C7500719D5A /* FriendsDetailView.swift */,
				27F7A57F2A0541C000FB8D3A /* LoginScreenView.swift */,
				2791AA4D2A066CAC00719D5A /* FriendsListView.swift */,
				2791AA492A066B4C00719D5A /* FriendsListCollectionViewCell.swift */,
			);
			path = Views;
			sourceTree = "<group>";
		};
		278AED682A0650BB00691A98 /* ViewModels */ = {
			isa = PBXGroup;
			children = (
				27EB85DE2A057BE10027E339 /* LoginScreenViewViewModel.swift */,
				278AED732A065AD700691A98 /* FriendsListViewViewModel.swift */,
				2791AA4B2A066C0200719D5A /* FriendsListCollectionViewCellViewModel.swift */,
				2791AA512A06970400719D5A /* FriendsDetailViewViewModel.swift */,
			);
			path = ViewModels;
			sourceTree = "<group>";
		};
		278AED692A0650DF00691A98 /* Controllers */ = {
			isa = PBXGroup;
			children = (
				2791AA4F2A06962E00719D5A /* FriendsDetailViewController.swift */,
				27F7A5832A05569D00FB8D3A /* FriendsListViewController.swift */,
				27F7A56F2A0537B700FB8D3A /* LoginScreenViewController.swift */,
				27F7A5852A05585400FB8D3A /* RootNavigationController.swift */,
			);
			path = Controllers;
			sourceTree = "<group>";
		};
		278AED6A2A06513300691A98 /* Network */ = {
			isa = PBXGroup;
			children = (
				278AED6B2A06516B00691A98 /* UserAPI.swift */,
				278AED6D2A06517500691A98 /* NetworkManager.swift */,
			);
			path = Network;
			sourceTree = "<group>";
		};
		278AED792A06699900691A98 /* Helpers */ = {
			isa = PBXGroup;
			children = (
				27F7A5812A05422000FB8D3A /* UIView+Ext.swift */,
				278AED6F2A06521B00691A98 /* Constants.swift */,
				27DAD0B32A07E1B2009AB100 /* SavedUsers.swift */,
			);
			path = Helpers;
			sourceTree = "<group>";
		};
		27F7A55F2A0537B700FB8D3A = {
			isa = PBXGroup;
			children = (
				27F7A56A2A0537B700FB8D3A /* FacebookFriends */,
				27F7A5692A0537B700FB8D3A /* Products */,
				B82C88D50CA12ABFB78B474F /* Pods */,
				D722AE6C4B98B09C01902C13 /* Frameworks */,
			);
			sourceTree = "<group>";
		};
		27F7A5692A0537B700FB8D3A /* Products */ = {
			isa = PBXGroup;
			children = (
				27F7A5682A0537B700FB8D3A /* FacebookFriends.app */,
			);
			name = Products;
			sourceTree = "<group>";
		};
		27F7A56A2A0537B700FB8D3A /* FacebookFriends */ = {
			isa = PBXGroup;
			children = (
				278AED792A06699900691A98 /* Helpers */,
				278AED6A2A06513300691A98 /* Network */,
				278AED662A0650AD00691A98 /* Model */,
				278AED672A0650B500691A98 /* Views */,
				278AED682A0650BB00691A98 /* ViewModels */,
				278AED692A0650DF00691A98 /* Controllers */,
				27F7A56B2A0537B700FB8D3A /* AppDelegate.swift */,
				27F7A56D2A0537B700FB8D3A /* SceneDelegate.swift */,
				27F7A5742A0537B800FB8D3A /* Assets.xcassets */,
				27F7A5762A0537B800FB8D3A /* LaunchScreen.storyboard */,
				27F7A5792A0537B800FB8D3A /* Info.plist */,
			);
			path = FacebookFriends;
			sourceTree = "<group>";
		};
		B82C88D50CA12ABFB78B474F /* Pods */ = {
			isa = PBXGroup;
			children = (
				004EE40847A12CC0B57C8CED /* Pods-FacebookFriends.debug.xcconfig */,
				959D0F5FDBF0539FCD93E33E /* Pods-FacebookFriends.release.xcconfig */,
			);
			path = Pods;
			sourceTree = "<group>";
		};
		D722AE6C4B98B09C01902C13 /* Frameworks */ = {
			isa = PBXGroup;
			children = (
				20B03289E736E14B5EE11ACC /* Pods_FacebookFriends.framework */,
			);
			name = Frameworks;
			sourceTree = "<group>";
		};
/* End PBXGroup section */

/* Begin PBXNativeTarget section */
		27F7A5672A0537B700FB8D3A /* FacebookFriends */ = {
			isa = PBXNativeTarget;
			buildConfigurationList = 27F7A57C2A0537B800FB8D3A /* Build configuration list for PBXNativeTarget "FacebookFriends" */;
			buildPhases = (
				1F8FE2F0E5E23F3D25E2D2B3 /* [CP] Check Pods Manifest.lock */,
				27F7A5642A0537B700FB8D3A /* Sources */,
				27F7A5652A0537B700FB8D3A /* Frameworks */,
				27F7A5662A0537B700FB8D3A /* Resources */,
				B90B30DFFBB6FE61652F98CF /* [CP] Embed Pods Frameworks */,
			);
			buildRules = (
			);
			dependencies = (
			);
			name = FacebookFriends;
			productName = FacebookFriends;
			productReference = 27F7A5682A0537B700FB8D3A /* FacebookFriends.app */;
			productType = "com.apple.product-type.application";
		};
/* End PBXNativeTarget section */

/* Begin PBXProject section */
		27F7A5602A0537B700FB8D3A /* Project object */ = {
			isa = PBXProject;
			attributes = {
				BuildIndependentTargetsInParallel = 1;
				LastSwiftUpdateCheck = 1410;
				LastUpgradeCheck = 1410;
				TargetAttributes = {
					27F7A5672A0537B700FB8D3A = {
						CreatedOnToolsVersion = 14.1;
					};
				};
			};
			buildConfigurationList = 27F7A5632A0537B700FB8D3A /* Build configuration list for PBXProject "FacebookFriends" */;
			compatibilityVersion = "Xcode 14.0";
			developmentRegion = en;
			hasScannedForEncodings = 0;
			knownRegions = (
				en,
				Base,
			);
			mainGroup = 27F7A55F2A0537B700FB8D3A;
			productRefGroup = 27F7A5692A0537B700FB8D3A /* Products */;
			projectDirPath = "";
			projectRoot = "";
			targets = (
				27F7A5672A0537B700FB8D3A /* FacebookFriends */,
			);
		};
/* End PBXProject section */

/* Begin PBXResourcesBuildPhase section */
		27F7A5662A0537B700FB8D3A /* Resources */ = {
			isa = PBXResourcesBuildPhase;
			buildActionMask = 2147483647;
			files = (
				27F7A5782A0537B800FB8D3A /* LaunchScreen.storyboard in Resources */,
				27F7A5752A0537B800FB8D3A /* Assets.xcassets in Resources */,
			);
			runOnlyForDeploymentPostprocessing = 0;
		};
/* End PBXResourcesBuildPhase section */

/* Begin PBXShellScriptBuildPhase section */
		1F8FE2F0E5E23F3D25E2D2B3 /* [CP] Check Pods Manifest.lock */ = {
			isa = PBXShellScriptBuildPhase;
			buildActionMask = 2147483647;
			files = (
			);
			inputFileListPaths = (
			);
			inputPaths = (
				"${PODS_PODFILE_DIR_PATH}/Podfile.lock",
				"${PODS_ROOT}/Manifest.lock",
			);
			name = "[CP] Check Pods Manifest.lock";
			outputFileListPaths = (
			);
			outputPaths = (
				"$(DERIVED_FILE_DIR)/Pods-FacebookFriends-checkManifestLockResult.txt",
			);
			runOnlyForDeploymentPostprocessing = 0;
			shellPath = /bin/sh;
			shellScript = "diff \"${PODS_PODFILE_DIR_PATH}/Podfile.lock\" \"${PODS_ROOT}/Manifest.lock\" > /dev/null\nif [ $? != 0 ] ; then\n    # print error to STDERR\n    echo \"error: The sandbox is not in sync with the Podfile.lock. Run 'pod install' or update your CocoaPods installation.\" >&2\n    exit 1\nfi\n# This output is used by Xcode 'outputs' to avoid re-running this script phase.\necho \"SUCCESS\" > \"${SCRIPT_OUTPUT_FILE_0}\"\n";
			showEnvVarsInLog = 0;
		};
		B90B30DFFBB6FE61652F98CF /* [CP] Embed Pods Frameworks */ = {
			isa = PBXShellScriptBuildPhase;
			buildActionMask = 2147483647;
			files = (
			);
			inputFileListPaths = (
				"${PODS_ROOT}/Target Support Files/Pods-FacebookFriends/Pods-FacebookFriends-frameworks-${CONFIGURATION}-input-files.xcfilelist",
			);
			name = "[CP] Embed Pods Frameworks";
			outputFileListPaths = (
				"${PODS_ROOT}/Target Support Files/Pods-FacebookFriends/Pods-FacebookFriends-frameworks-${CONFIGURATION}-output-files.xcfilelist",
			);
			runOnlyForDeploymentPostprocessing = 0;
			shellPath = /bin/sh;
			shellScript = "\"${PODS_ROOT}/Target Support Files/Pods-FacebookFriends/Pods-FacebookFriends-frameworks.sh\"\n";
			showEnvVarsInLog = 0;
		};
/* End PBXShellScriptBuildPhase section */

/* Begin PBXSourcesBuildPhase section */
		27F7A5642A0537B700FB8D3A /* Sources */ = {
			isa = PBXSourcesBuildPhase;
			buildActionMask = 2147483647;
			files = (
				278AED782A06689800691A98 /* UsersResults.swift in Sources */,
				27F7A5822A05422000FB8D3A /* UIView+Ext.swift in Sources */,
				278AED702A06521B00691A98 /* Constants.swift in Sources */,
				27DAD0B42A07E1B2009AB100 /* SavedUsers.swift in Sources */,
				27EB85DF2A057BE10027E339 /* LoginScreenViewViewModel.swift in Sources */,
				2791AA522A06970400719D5A /* FriendsDetailViewViewModel.swift in Sources */,
				2791AA4C2A066C0200719D5A /* FriendsListCollectionViewCellViewModel.swift in Sources */,
				278AED722A0653EE00691A98 /* UsersResultsDetails.swift in Sources */,
				278AED6E2A06517500691A98 /* NetworkManager.swift in Sources */,
				27F7A5802A0541C000FB8D3A /* LoginScreenView.swift in Sources */,
				278AED762A06685000691A98 /* Users.swift in Sources */,
				27F7A5702A0537B700FB8D3A /* LoginScreenViewController.swift in Sources */,
				27F7A56C2A0537B700FB8D3A /* AppDelegate.swift in Sources */,
				27F7A5842A05569D00FB8D3A /* FriendsListViewController.swift in Sources */,
				2791AA502A06962E00719D5A /* FriendsDetailViewController.swift in Sources */,
				27F7A5862A05585400FB8D3A /* RootNavigationController.swift in Sources */,
				2791AA4A2A066B4C00719D5A /* FriendsListCollectionViewCell.swift in Sources */,
				2791AA542A069C7500719D5A /* FriendsDetailView.swift in Sources */,
				2791AA4E2A066CAC00719D5A /* FriendsListView.swift in Sources */,
				278AED742A065AD700691A98 /* FriendsListViewViewModel.swift in Sources */,
				27F7A56E2A0537B700FB8D3A /* SceneDelegate.swift in Sources */,
				278AED6C2A06516B00691A98 /* UserAPI.swift in Sources */,
			);
			runOnlyForDeploymentPostprocessing = 0;
		};
/* End PBXSourcesBuildPhase section */

/* Begin PBXVariantGroup section */
		27F7A5762A0537B800FB8D3A /* LaunchScreen.storyboard */ = {
			isa = PBXVariantGroup;
			children = (
				27F7A5772A0537B800FB8D3A /* Base */,
			);
			name = LaunchScreen.storyboard;
			sourceTree = "<group>";
		};
/* End PBXVariantGroup section */

/* Begin XCBuildConfiguration section */
		27F7A57A2A0537B800FB8D3A /* Debug */ = {
			isa = XCBuildConfiguration;
			buildSettings = {
				ALWAYS_SEARCH_USER_PATHS = NO;
				CLANG_ANALYZER_NONNULL = YES;
				CLANG_ANALYZER_NUMBER_OBJECT_CONVERSION = YES_AGGRESSIVE;
				CLANG_CXX_LANGUAGE_STANDARD = "gnu++20";
				CLANG_ENABLE_MODULES = YES;
				CLANG_ENABLE_OBJC_ARC = YES;
				CLANG_ENABLE_OBJC_WEAK = YES;
				CLANG_WARN_BLOCK_CAPTURE_AUTORELEASING = YES;
				CLANG_WARN_BOOL_CONVERSION = YES;
				CLANG_WARN_COMMA = YES;
				CLANG_WARN_CONSTANT_CONVERSION = YES;
				CLANG_WARN_DEPRECATED_OBJC_IMPLEMENTATIONS = YES;
				CLANG_WARN_DIRECT_OBJC_ISA_USAGE = YES_ERROR;
				CLANG_WARN_DOCUMENTATION_COMMENTS = YES;
				CLANG_WARN_EMPTY_BODY = YES;
				CLANG_WARN_ENUM_CONVERSION = YES;
				CLANG_WARN_INFINITE_RECURSION = YES;
				CLANG_WARN_INT_CONVERSION = YES;
				CLANG_WARN_NON_LITERAL_NULL_CONVERSION = YES;
				CLANG_WARN_OBJC_IMPLICIT_RETAIN_SELF = YES;
				CLANG_WARN_OBJC_LITERAL_CONVERSION = YES;
				CLANG_WARN_OBJC_ROOT_CLASS = YES_ERROR;
				CLANG_WARN_QUOTED_INCLUDE_IN_FRAMEWORK_HEADER = YES;
				CLANG_WARN_RANGE_LOOP_ANALYSIS = YES;
				CLANG_WARN_STRICT_PROTOTYPES = YES;
				CLANG_WARN_SUSPICIOUS_MOVE = YES;
				CLANG_WARN_UNGUARDED_AVAILABILITY = YES_AGGRESSIVE;
				CLANG_WARN_UNREACHABLE_CODE = YES;
				CLANG_WARN__DUPLICATE_METHOD_MATCH = YES;
				COPY_PHASE_STRIP = NO;
				DEBUG_INFORMATION_FORMAT = dwarf;
				ENABLE_STRICT_OBJC_MSGSEND = YES;
				ENABLE_TESTABILITY = YES;
				GCC_C_LANGUAGE_STANDARD = gnu11;
				GCC_DYNAMIC_NO_PIC = NO;
				GCC_NO_COMMON_BLOCKS = YES;
				GCC_OPTIMIZATION_LEVEL = 0;
				GCC_PREPROCESSOR_DEFINITIONS = (
					"DEBUG=1",
					"$(inherited)",
				);
				GCC_WARN_64_TO_32_BIT_CONVERSION = YES;
				GCC_WARN_ABOUT_RETURN_TYPE = YES_ERROR;
				GCC_WARN_UNDECLARED_SELECTOR = YES;
				GCC_WARN_UNINITIALIZED_AUTOS = YES_AGGRESSIVE;
				GCC_WARN_UNUSED_FUNCTION = YES;
				GCC_WARN_UNUSED_VARIABLE = YES;
				IPHONEOS_DEPLOYMENT_TARGET = 16.1;
				MTL_ENABLE_DEBUG_INFO = INCLUDE_SOURCE;
				MTL_FAST_MATH = YES;
				ONLY_ACTIVE_ARCH = YES;
				SDKROOT = iphoneos;
				SWIFT_ACTIVE_COMPILATION_CONDITIONS = DEBUG;
				SWIFT_OPTIMIZATION_LEVEL = "-Onone";
			};
			name = Debug;
		};
		27F7A57B2A0537B800FB8D3A /* Release */ = {
			isa = XCBuildConfiguration;
			buildSettings = {
				ALWAYS_SEARCH_USER_PATHS = NO;
				CLANG_ANALYZER_NONNULL = YES;
				CLANG_ANALYZER_NUMBER_OBJECT_CONVERSION = YES_AGGRESSIVE;
				CLANG_CXX_LANGUAGE_STANDARD = "gnu++20";
				CLANG_ENABLE_MODULES = YES;
				CLANG_ENABLE_OBJC_ARC = YES;
				CLANG_ENABLE_OBJC_WEAK = YES;
				CLANG_WARN_BLOCK_CAPTURE_AUTORELEASING = YES;
				CLANG_WARN_BOOL_CONVERSION = YES;
				CLANG_WARN_COMMA = YES;
				CLANG_WARN_CONSTANT_CONVERSION = YES;
				CLANG_WARN_DEPRECATED_OBJC_IMPLEMENTATIONS = YES;
				CLANG_WARN_DIRECT_OBJC_ISA_USAGE = YES_ERROR;
				CLANG_WARN_DOCUMENTATION_COMMENTS = YES;
				CLANG_WARN_EMPTY_BODY = YES;
				CLANG_WARN_ENUM_CONVERSION = YES;
				CLANG_WARN_INFINITE_RECURSION = YES;
				CLANG_WARN_INT_CONVERSION = YES;
				CLANG_WARN_NON_LITERAL_NULL_CONVERSION = YES;
				CLANG_WARN_OBJC_IMPLICIT_RETAIN_SELF = YES;
				CLANG_WARN_OBJC_LITERAL_CONVERSION = YES;
				CLANG_WARN_OBJC_ROOT_CLASS = YES_ERROR;
				CLANG_WARN_QUOTED_INCLUDE_IN_FRAMEWORK_HEADER = YES;
				CLANG_WARN_RANGE_LOOP_ANALYSIS = YES;
				CLANG_WARN_STRICT_PROTOTYPES = YES;
				CLANG_WARN_SUSPICIOUS_MOVE = YES;
				CLANG_WARN_UNGUARDED_AVAILABILITY = YES_AGGRESSIVE;
				CLANG_WARN_UNREACHABLE_CODE = YES;
				CLANG_WARN__DUPLICATE_METHOD_MATCH = YES;
				COPY_PHASE_STRIP = NO;
				DEBUG_INFORMATION_FORMAT = "dwarf-with-dsym";
				ENABLE_NS_ASSERTIONS = NO;
				ENABLE_STRICT_OBJC_MSGSEND = YES;
				GCC_C_LANGUAGE_STANDARD = gnu11;
				GCC_NO_COMMON_BLOCKS = YES;
				GCC_WARN_64_TO_32_BIT_CONVERSION = YES;
				GCC_WARN_ABOUT_RETURN_TYPE = YES_ERROR;
				GCC_WARN_UNDECLARED_SELECTOR = YES;
				GCC_WARN_UNINITIALIZED_AUTOS = YES_AGGRESSIVE;
				GCC_WARN_UNUSED_FUNCTION = YES;
				GCC_WARN_UNUSED_VARIABLE = YES;
				IPHONEOS_DEPLOYMENT_TARGET = 16.1;
				MTL_ENABLE_DEBUG_INFO = NO;
				MTL_FAST_MATH = YES;
				SDKROOT = iphoneos;
				SWIFT_COMPILATION_MODE = wholemodule;
				SWIFT_OPTIMIZATION_LEVEL = "-O";
				VALIDATE_PRODUCT = YES;
			};
			name = Release;
		};
		27F7A57D2A0537B800FB8D3A /* Debug */ = {
			isa = XCBuildConfiguration;
			baseConfigurationReference = 004EE40847A12CC0B57C8CED /* Pods-FacebookFriends.debug.xcconfig */;
			buildSettings = {
				ASSETCATALOG_COMPILER_APPICON_NAME = AppIcon;
				ASSETCATALOG_COMPILER_GLOBAL_ACCENT_COLOR_NAME = AccentColor;
				CODE_SIGN_STYLE = Automatic;
				CURRENT_PROJECT_VERSION = 1;
				GENERATE_INFOPLIST_FILE = YES;
				INFOPLIST_FILE = FacebookFriends/Info.plist;
				INFOPLIST_KEY_UIApplicationSupportsIndirectInputEvents = YES;
				INFOPLIST_KEY_UILaunchStoryboardName = LaunchScreen;
				INFOPLIST_KEY_UISupportedInterfaceOrientations = UIInterfaceOrientationPortrait;
				INFOPLIST_KEY_UISupportedInterfaceOrientations_iPad = "UIInterfaceOrientationLandscapeLeft UIInterfaceOrientationLandscapeRight UIInterfaceOrientationPortrait UIInterfaceOrientationPortraitUpsideDown";
				LD_RUNPATH_SEARCH_PATHS = (
					"$(inherited)",
					"@executable_path/Frameworks",
				);
				MARKETING_VERSION = 1.0;
				PRODUCT_BUNDLE_IDENTIFIER = com.omer.FacebookFriends;
				PRODUCT_NAME = "$(TARGET_NAME)";
				SWIFT_EMIT_LOC_STRINGS = YES;
				SWIFT_VERSION = 5.0;
				TARGETED_DEVICE_FAMILY = "1,2";
			};
			name = Debug;
		};
		27F7A57E2A0537B800FB8D3A /* Release */ = {
			isa = XCBuildConfiguration;
			baseConfigurationReference = 959D0F5FDBF0539FCD93E33E /* Pods-FacebookFriends.release.xcconfig */;
			buildSettings = {
				ASSETCATALOG_COMPILER_APPICON_NAME = AppIcon;
				ASSETCATALOG_COMPILER_GLOBAL_ACCENT_COLOR_NAME = AccentColor;
				CODE_SIGN_STYLE = Automatic;
				CURRENT_PROJECT_VERSION = 1;
				GENERATE_INFOPLIST_FILE = YES;
				INFOPLIST_FILE = FacebookFriends/Info.plist;
				INFOPLIST_KEY_UIApplicationSupportsIndirectInputEvents = YES;
				INFOPLIST_KEY_UILaunchStoryboardName = LaunchScreen;
				INFOPLIST_KEY_UISupportedInterfaceOrientations = UIInterfaceOrientationPortrait;
				INFOPLIST_KEY_UISupportedInterfaceOrientations_iPad = "UIInterfaceOrientationLandscapeLeft UIInterfaceOrientationLandscapeRight UIInterfaceOrientationPortrait UIInterfaceOrientationPortraitUpsideDown";
				LD_RUNPATH_SEARCH_PATHS = (
					"$(inherited)",
					"@executable_path/Frameworks",
				);
				MARKETING_VERSION = 1.0;
				PRODUCT_BUNDLE_IDENTIFIER = com.omer.FacebookFriends;
				PRODUCT_NAME = "$(TARGET_NAME)";
				SWIFT_EMIT_LOC_STRINGS = YES;
				SWIFT_VERSION = 5.0;
				TARGETED_DEVICE_FAMILY = "1,2";
			};
			name = Release;
		};
/* End XCBuildConfiguration section */

/* Begin XCConfigurationList section */
		27F7A5632A0537B700FB8D3A /* Build configuration list for PBXProject "FacebookFriends" */ = {
			isa = XCConfigurationList;
			buildConfigurations = (
				27F7A57A2A0537B800FB8D3A /* Debug */,
				27F7A57B2A0537B800FB8D3A /* Release */,
			);
			defaultConfigurationIsVisible = 0;
			defaultConfigurationName = Release;
		};
		27F7A57C2A0537B800FB8D3A /* Build configuration list for PBXNativeTarget "FacebookFriends" */ = {
			isa = XCConfigurationList;
			buildConfigurations = (
				27F7A57D2A0537B800FB8D3A /* Debug */,
				27F7A57E2A0537B800FB8D3A /* Release */,
			);
			defaultConfigurationIsVisible = 0;
			defaultConfigurationName = Release;
		};
/* End XCConfigurationList section */
	};
	rootObject = 27F7A5602A0537B700FB8D3A /* Project object */;
}
