PODS:
  - Alamofire (5.6.2)
  - Kingfisher (7.4.1)
  - Moya (15.0.0):
    - Moya/Core (= 15.0.0)
  - Moya/Core (15.0.0):
    - Alamofire (~> 5.0)
  - Realm (10.39.1):
    - Realm/Headers (= 10.39.1)
  - Realm/Headers (10.39.1)
  - RealmSwift (10.39.1):
    - Realm (= 10.39.1)

DEPENDENCIES:
  - Kingfisher (~> 7.0)
  - Moya (~> 15.0)
  - RealmSwift (~> 10)

SPEC REPOS:
  trunk:
    - Alamofire
    - Kingfisher
    - Moya
    - Realm
    - RealmSwift

SPEC CHECKSUMS:
  Alamofire: d368e1ff8a298e6dde360e35a3e68e6c610e7204
  Kingfisher: cd762a593a61b2fbecf7645c00f9a801a3ebfc9c
  Moya: 138f0573e53411fb3dc17016add0b748dfbd78ee
  Realm: 1f3157edf145f4d9036765ab550c8cb18f62b700
  RealmSwift: 8a69a1cb788cd5865966f49667b130567e07bceb

PODFILE CHECKSUM: 658f0b61b7573a005d169a7f97f7c0e2720ecce8

COCOAPODS: 1.11.3
